
Microsoft Visual Studio Solution File, Format Version 12.00
# Visual Studio Version 16
VisualStudioVersion = 16.0.29009.5
MinimumVisualStudioVersion = 10.0.40219.1
Project("{FAE04EC0-301F-11D3-BF4B-00C04F79EFBC}") = "LoadCounterMobile.Android", "LoadCounterMobile\LoadCounterMobile.Android\LoadCounterMobile.Android.csproj", "{9905721C-2A9D-40A9-A8E6-87B00CA3E15A}"
EndProject
Project("{FAE04EC0-301F-11D3-BF4B-00C04F79EFBC}") = "LoadCounterMobile.iOS", "LoadCounterMobile\LoadCounterMobile.iOS\LoadCounterMobile.iOS.csproj", "{47F812F7-334C-4AD9-AF49-1B96753F5085}"
EndProject
Project("{FAE04EC0-301F-11D3-BF4B-00C04F79EFBC}") = "LoadCounterMobile", "LoadCounterMobile\LoadCounterMobile\LoadCounterMobile.csproj", "{177C209B-8153-4C49-8AD3-DA15BE809620}"
EndProject
Global
	GlobalSection(SolutionConfigurationPlatforms) = preSolution
		Debug|Any CPU = Debug|Any CPU
		Debug|iPhone = Debug|iPhone
		Debug|iPhoneSimulator = Debug|iPhoneSimulator
		Release|Any CPU = Release|Any CPU
		Release|iPhone = Release|iPhone
		Release|iPhoneSimulator = Release|iPhoneSimulator
	EndGlobalSection
	GlobalSection(ProjectConfigurationPlatforms) = postSolution
		{9905721C-2A9D-40A9-A8E6-87B00CA3E15A}.Debug|Any CPU.ActiveCfg = Debug|Any CPU
		{9905721C-2A9D-40A9-A8E6-87B00CA3E15A}.Debug|Any CPU.Build.0 = Debug|Any CPU
		{9905721C-2A9D-40A9-A8E6-87B00CA3E15A}.Debug|Any CPU.Deploy.0 = Debug|Any CPU
		{9905721C-2A9D-40A9-A8E6-87B00CA3E15A}.Debug|iPhone.ActiveCfg = Debug|Any CPU
		{9905721C-2A9D-40A9-A8E6-87B00CA3E15A}.Debug|iPhone.Build.0 = Debug|Any CPU
		{9905721C-2A9D-40A9-A8E6-87B00CA3E15A}.Debug|iPhone.Deploy.0 = Debug|Any CPU
		{9905721C-2A9D-40A9-A8E6-87B00CA3E15A}.Debug|iPhoneSimulator.ActiveCfg = Debug|Any CPU
		{9905721C-2A9D-40A9-A8E6-87B00CA3E15A}.Debug|iPhoneSimulator.Build.0 = Debug|Any CPU
		{9905721C-2A9D-40A9-A8E6-87B00CA3E15A}.Debug|iPhoneSimulator.Deploy.0 = Debug|Any CPU
		{9905721C-2A9D-40A9-A8E6-87B00CA3E15A}.Release|Any CPU.ActiveCfg = Release|Any CPU
		{9905721C-2A9D-40A9-A8E6-87B00CA3E15A}.Release|Any CPU.Build.0 = Release|Any CPU
		{9905721C-2A9D-40A9-A8E6-87B00CA3E15A}.Release|Any CPU.Deploy.0 = Release|Any CPU
		{9905721C-2A9D-40A9-A8E6-87B00CA3E15A}.Release|iPhone.ActiveCfg = Release|Any CPU
		{9905721C-2A9D-40A9-A8E6-87B00CA3E15A}.Release|iPhone.Build.0 = Release|Any CPU
		{9905721C-2A9D-40A9-A8E6-87B00CA3E15A}.Release|iPhone.Deploy.0 = Release|Any CPU
		{9905721C-2A9D-40A9-A8E6-87B00CA3E15A}.Release|iPhoneSimulator.ActiveCfg = Release|Any CPU
		{9905721C-2A9D-40A9-A8E6-87B00CA3E15A}.Release|iPhoneSimulator.Build.0 = Release|Any CPU
		{9905721C-2A9D-40A9-A8E6-87B00CA3E15A}.Release|iPhoneSimulator.Deploy.0 = Release|Any CPU
		{47F812F7-334C-4AD9-AF49-1B96753F5085}.Debug|Any CPU.ActiveCfg = Debug|iPhoneSimulator
		{47F812F7-334C-4AD9-AF49-1B96753F5085}.Debug|Any CPU.Build.0 = Debug|iPhoneSimulator
		{47F812F7-334C-4AD9-AF49-1B96753F5085}.Debug|Any CPU.Deploy.0 = Debug|iPhoneSimulator
		{47F812F7-334C-4AD9-AF49-1B96753F5085}.Debug|iPhone.ActiveCfg = Debug|iPhone
		{47F812F7-334C-4AD9-AF49-1B96753F5085}.Debug|iPhone.Build.0 = Debug|iPhone
		{47F812F7-334C-4AD9-AF49-1B96753F5085}.Debug|iPhone.Deploy.0 = Debug|iPhone
		{47F812F7-334C-4AD9-AF49-1B96753F5085}.Debug|iPhoneSimulator.ActiveCfg = Debug|iPhoneSimulator
		{47F812F7-334C-4AD9-AF49-1B96753F5085}.Debug|iPhoneSimulator.Build.0 = Debug|iPhoneSimulator
		{47F812F7-334C-4AD9-AF49-1B96753F5085}.Debug|iPhoneSimulator.Deploy.0 = Debug|iPhoneSimulator
		{47F812F7-334C-4AD9-AF49-1B96753F5085}.Release|Any CPU.ActiveCfg = Release|iPhone
		{47F812F7-334C-4AD9-AF49-1B96753F5085}.Release|Any CPU.Build.0 = Release|iPhone
		{47F812F7-334C-4AD9-AF49-1B96753F5085}.Release|Any CPU.Deploy.0 = Release|iPhone
		{47F812F7-334C-4AD9-AF49-1B96753F5085}.Release|iPhone.ActiveCfg = Release|iPhone
		{47F812F7-334C-4AD9-AF49-1B96753F5085}.Release|iPhone.Build.0 = Release|iPhone
		{47F812F7-334C-4AD9-AF49-1B96753F5085}.Release|iPhone.Deploy.0 = Release|iPhone
		{47F812F7-334C-4AD9-AF49-1B96753F5085}.Release|iPhoneSimulator.ActiveCfg = Release|iPhoneSimulator
		{47F812F7-334C-4AD9-AF49-1B96753F5085}.Release|iPhoneSimulator.Build.0 = Release|iPhoneSimulator
		{47F812F7-334C-4AD9-AF49-1B96753F5085}.Release|iPhoneSimulator.Deploy.0 = Release|iPhoneSimulator
		{177C209B-8153-4C49-8AD3-DA15BE809620}.Debug|Any CPU.ActiveCfg = Debug|Any CPU
		{177C209B-8153-4C49-8AD3-DA15BE809620}.Debug|Any CPU.Build.0 = Debug|Any CPU
		{177C209B-8153-4C49-8AD3-DA15BE809620}.Debug|Any CPU.Deploy.0 = Debug|Any CPU
		{177C209B-8153-4C49-8AD3-DA15BE809620}.Debug|iPhone.ActiveCfg = Debug|Any CPU
		{177C209B-8153-4C49-8AD3-DA15BE809620}.Debug|iPhone.Build.0 = Debug|Any CPU
		{177C209B-8153-4C49-8AD3-DA15BE809620}.Debug|iPhone.Deploy.0 = Debug|Any CPU
		{177C209B-8153-4C49-8AD3-DA15BE809620}.Debug|iPhoneSimulator.ActiveCfg = Debug|Any CPU
		{177C209B-8153-4C49-8AD3-DA15BE809620}.Debug|iPhoneSimulator.Build.0 = Debug|Any CPU
		{177C209B-8153-4C49-8AD3-DA15BE809620}.Debug|iPhoneSimulator.Deploy.0 = Debug|Any CPU
		{177C209B-8153-4C49-8AD3-DA15BE809620}.Release|Any CPU.ActiveCfg = Release|Any CPU
		{177C209B-8153-4C49-8AD3-DA15BE809620}.Release|Any CPU.Build.0 = Release|Any CPU
		{177C209B-8153-4C49-8AD3-DA15BE809620}.Release|Any CPU.Deploy.0 = Release|Any CPU
		{177C209B-8153-4C49-8AD3-DA15BE809620}.Release|iPhone.ActiveCfg = Release|Any CPU
		{177C209B-8153-4C49-8AD3-DA15BE809620}.Release|iPhone.Build.0 = Release|Any CPU
		{177C209B-8153-4C49-8AD3-DA15BE809620}.Release|iPhone.Deploy.0 = Release|Any CPU
		{177C209B-8153-4C49-8AD3-DA15BE809620}.Release|iPhoneSimulator.ActiveCfg = Release|Any CPU
		{177C209B-8153-4C49-8AD3-DA15BE809620}.Release|iPhoneSimulator.Build.0 = Release|Any CPU
		{177C209B-8153-4C49-8AD3-DA15BE809620}.Release|iPhoneSimulator.Deploy.0 = Release|Any CPU
	EndGlobalSection
	GlobalSection(SolutionProperties) = preSolution
		HideSolutionNode = FALSE
	EndGlobalSection
	GlobalSection(ExtensibilityGlobals) = postSolution
		SolutionGuid = {08569F1D-04CA-4FFD-AE12-E3F3FD9AADC6}
	EndGlobalSection
EndGlobal
